// !$*UTF8*$!
{
	archiveVersion = 1;
	classes = {
	};
	objectVersion = 46;
	objects = {

/* Begin PBXBuildFile section */
		AA1ABC101CC8B20B00BA7B88 /* main.m in Sources */ = {isa = PBXBuildFile; fileRef = AA1ABC0F1CC8B20B00BA7B88 /* main.m */; };
		AA1ABC131CC8B20B00BA7B88 /* AppDelegate.m in Sources */ = {isa = PBXBuildFile; fileRef = AA1ABC121CC8B20B00BA7B88 /* AppDelegate.m */; };
		AA1ABC161CC8B20B00BA7B88 /* ViewController.m in Sources */ = {isa = PBXBuildFile; fileRef = AA1ABC151CC8B20B00BA7B88 /* ViewController.m */; };
		AA1ABC191CC8B20B00BA7B88 /* Main.storyboard in Resources */ = {isa = PBXBuildFile; fileRef = AA1ABC171CC8B20B00BA7B88 /* Main.storyboard */; };
		AA1ABC1C1CC8B20C00BA7B88 /* M_TShowShow.xcdatamodeld in Sources */ = {isa = PBXBuildFile; fileRef = AA1ABC1A1CC8B20C00BA7B88 /* M_TShowShow.xcdatamodeld */; };
		AA1ABC1E1CC8B20C00BA7B88 /* Assets.xcassets in Resources */ = {isa = PBXBuildFile; fileRef = AA1ABC1D1CC8B20C00BA7B88 /* Assets.xcassets */; };
		AA1ABC211CC8B20C00BA7B88 /* LaunchScreen.storyboard in Resources */ = {isa = PBXBuildFile; fileRef = AA1ABC1F1CC8B20C00BA7B88 /* LaunchScreen.storyboard */; };
		AA1ABC2C1CC8B20C00BA7B88 /* M_TShowShowTests.m in Sources */ = {isa = PBXBuildFile; fileRef = AA1ABC2B1CC8B20C00BA7B88 /* M_TShowShowTests.m */; };
		AA1ABC371CC8B20C00BA7B88 /* M_TShowShowUITests.m in Sources */ = {isa = PBXBuildFile; fileRef = AA1ABC361CC8B20C00BA7B88 /* M_TShowShowUITests.m */; };
/* End PBXBuildFile section */

/* Begin PBXContainerItemProxy section */
		AA1ABC281CC8B20C00BA7B88 /* PBXContainerItemProxy */ = {
			isa = PBXContainerItemProxy;
			containerPortal = AA1ABC031CC8B20B00BA7B88 /* Project object */;
			proxyType = 1;
			remoteGlobalIDString = AA1ABC0A1CC8B20B00BA7B88;
			remoteInfo = M_TShowShow;
		};
		AA1ABC331CC8B20C00BA7B88 /* PBXContainerItemProxy */ = {
			isa = PBXContainerItemProxy;
			containerPortal = AA1ABC031CC8B20B00BA7B88 /* Project object */;
			proxyType = 1;
			remoteGlobalIDString = AA1ABC0A1CC8B20B00BA7B88;
			remoteInfo = M_TShowShow;
		};
/* End PBXContainerItemProxy section */

/* Begin PBXFileReference section */
		AA1ABC0B1CC8B20B00BA7B88 /* M_TShowShow.app */ = {isa = PBXFileReference; explicitFileType = wrapper.application; includeInIndex = 0; path = M_TShowShow.app; sourceTree = BUILT_PRODUCTS_DIR; };
		AA1ABC0F1CC8B20B00BA7B88 /* main.m */ = {isa = PBXFileReference; lastKnownFileType = sourcecode.c.objc; path = main.m; sourceTree = "<group>"; };
		AA1ABC111CC8B20B00BA7B88 /* AppDelegate.h */ = {isa = PBXFileReference; lastKnownFileType = sourcecode.c.h; path = AppDelegate.h; sourceTree = "<group>"; };
		AA1ABC121CC8B20B00BA7B88 /* AppDelegate.m */ = {isa = PBXFileReference; lastKnownFileType = sourcecode.c.objc; path = AppDelegate.m; sourceTree = "<group>"; };
		AA1ABC141CC8B20B00BA7B88 /* ViewController.h */ = {isa = PBXFileReference; lastKnownFileType = sourcecode.c.h; path = ViewController.h; sourceTree = "<group>"; };
		AA1ABC151CC8B20B00BA7B88 /* ViewController.m */ = {isa = PBXFileReference; lastKnownFileType = sourcecode.c.objc; path = ViewController.m; sourceTree = "<group>"; };
		AA1ABC181CC8B20B00BA7B88 /* Base */ = {isa = PBXFileReference; lastKnownFileType = file.storyboard; name = Base; path = Base.lproj/Main.storyboard; sourceTree = "<group>"; };
		AA1ABC1B1CC8B20C00BA7B88 /* M_TShowShow.xcdatamodel */ = {isa = PBXFileReference; lastKnownFileType = wrapper.xcdatamodel; path = M_TShowShow.xcdatamodel; sourceTree = "<group>"; };
		AA1ABC1D1CC8B20C00BA7B88 /* Assets.xcassets */ = {isa = PBXFileReference; lastKnownFileType = folder.assetcatalog; path = Assets.xcassets; sourceTree = "<group>"; };
		AA1ABC201CC8B20C00BA7B88 /* Base */ = {isa = PBXFileReference; lastKnownFileType = file.storyboard; name = Base; path = Base.lproj/LaunchScreen.storyboard; sourceTree = "<group>"; };
		AA1ABC221CC8B20C00BA7B88 /* Info.plist */ = {isa = PBXFileReference; lastKnownFileType = text.plist.xml; path = Info.plist; sourceTree = "<group>"; };
		AA1ABC271CC8B20C00BA7B88 /* M_TShowShowTests.xctest */ = {isa = PBXFileReference; explicitFileType = wrapper.cfbundle; includeInIndex = 0; path = M_TShowShowTests.xctest; sourceTree = BUILT_PRODUCTS_DIR; };
		AA1ABC2B1CC8B20C00BA7B88 /* M_TShowShowTests.m */ = {isa = PBXFileReference; lastKnownFileType = sourcecode.c.objc; path = M_TShowShowTests.m; sourceTree = "<group>"; };
		AA1ABC2D1CC8B20C00BA7B88 /* Info.plist */ = {isa = PBXFileReference; lastKnownFileType = text.plist.xml; path = Info.plist; sourceTree = "<group>"; };
		AA1ABC321CC8B20C00BA7B88 /* M_TShowShowUITests.xctest */ = {isa = PBXFileReference; explicitFileType = wrapper.cfbundle; includeInIndex = 0; path = M_TShowShowUITests.xctest; sourceTree = BUILT_PRODUCTS_DIR; };
		AA1ABC361CC8B20C00BA7B88 /* M_TShowShowUITests.m */ = {isa = PBXFileReference; lastKnownFileType = sourcecode.c.objc; path = M_TShowShowUITests.m; sourceTree = "<group>"; };
		AA1ABC381CC8B20C00BA7B88 /* Info.plist */ = {isa = PBXFileReference; lastKnownFileType = text.plist.xml; path = Info.plist; sourceTree = "<group>"; };
/* End PBXFileReference section */

/* Begin PBXFrameworksBuildPhase section */
		AA1ABC081CC8B20B00BA7B88 /* Frameworks */ = {
			isa = PBXFrameworksBuildPhase;
			buildActionMask = 2147483647;
			files = (
			);
			runOnlyForDeploymentPostprocessing = 0;
		};
		AA1ABC241CC8B20C00BA7B88 /* Frameworks */ = {
			isa = PBXFrameworksBuildPhase;
			buildActionMask = 2147483647;
			files = (
			);
			runOnlyForDeploymentPostprocessing = 0;
		};
		AA1ABC2F1CC8B20C00BA7B88 /* Frameworks */ = {
			isa = PBXFrameworksBuildPhase;
			buildActionMask = 2147483647;
			files = (
			);
			runOnlyForDeploymentPostprocessing = 0;
		};
/* End PBXFrameworksBuildPhase section */

/* Begin PBXGroup section */
		AA1ABC021CC8B20B00BA7B88 = {
			isa = PBXGroup;
			children = (
				AA1ABC0D1CC8B20B00BA7B88 /* M_TShowShow */,
				AA1ABC2A1CC8B20C00BA7B88 /* M_TShowShowTests */,
				AA1ABC351CC8B20C00BA7B88 /* M_TShowShowUITests */,
				AA1ABC0C1CC8B20B00BA7B88 /* Products */,
			);
			sourceTree = "<group>";
		};
		AA1ABC0C1CC8B20B00BA7B88 /* Products */ = {
			isa = PBXGroup;
			children = (
				AA1ABC0B1CC8B20B00BA7B88 /* M_TShowShow.app */,
				AA1ABC271CC8B20C00BA7B88 /* M_TShowShowTests.xctest */,
				AA1ABC321CC8B20C00BA7B88 /* M_TShowShowUITests.xctest */,
			);
			name = Products;
			sourceTree = "<group>";
		};
		AA1ABC0D1CC8B20B00BA7B88 /* M_TShowShow */ = {
			isa = PBXGroup;
			children = (
				AA1ABC111CC8B20B00BA7B88 /* AppDelegate.h */,
				AA1ABC121CC8B20B00BA7B88 /* AppDelegate.m */,
				AA1ABC141CC8B20B00BA7B88 /* ViewController.h */,
				AA1ABC151CC8B20B00BA7B88 /* ViewController.m */,
				AA1ABC171CC8B20B00BA7B88 /* Main.storyboard */,
				AA1ABC1D1CC8B20C00BA7B88 /* Assets.xcassets */,
				AA1ABC1F1CC8B20C00BA7B88 /* LaunchScreen.storyboard */,
				AA1ABC221CC8B20C00BA7B88 /* Info.plist */,
				AA1ABC1A1CC8B20C00BA7B88 /* M_TShowShow.xcdatamodeld */,
				AA1ABC0E1CC8B20B00BA7B88 /* Supporting Files */,
			);
			path = M_TShowShow;
			sourceTree = "<group>";
		};
		AA1ABC0E1CC8B20B00BA7B88 /* Supporting Files */ = {
			isa = PBXGroup;
			children = (
				AA1ABC0F1CC8B20B00BA7B88 /* main.m */,
			);
			name = "Supporting Files";
			sourceTree = "<group>";
		};
		AA1ABC2A1CC8B20C00BA7B88 /* M_TShowShowTests */ = {
			isa = PBXGroup;
			children = (
				AA1ABC2B1CC8B20C00BA7B88 /* M_TShowShowTests.m */,
				AA1ABC2D1CC8B20C00BA7B88 /* Info.plist */,
			);
			path = M_TShowShowTests;
			sourceTree = "<group>";
		};
		AA1ABC351CC8B20C00BA7B88 /* M_TShowShowUITests */ = {
			isa = PBXGroup;
			children = (
				AA1ABC361CC8B20C00BA7B88 /* M_TShowShowUITests.m */,
				AA1ABC381CC8B20C00BA7B88 /* Info.plist */,
			);
			path = M_TShowShowUITests;
			sourceTree = "<group>";
		};
/* End PBXGroup section */

/* Begin PBXNativeTarget section */
		AA1ABC0A1CC8B20B00BA7B88 /* M_TShowShow */ = {
			isa = PBXNativeTarget;
			buildConfigurationList = AA1ABC3B1CC8B20C00BA7B88 /* Build configuration list for PBXNativeTarget "M_TShowShow" */;
			buildPhases = (
				AA1ABC071CC8B20B00BA7B88 /* Sources */,
				AA1ABC081CC8B20B00BA7B88 /* Frameworks */,
				AA1ABC091CC8B20B00BA7B88 /* Resources */,
			);
			buildRules = (
			);
			dependencies = (
			);
			name = M_TShowShow;
			productName = M_TShowShow;
			productReference = AA1ABC0B1CC8B20B00BA7B88 /* M_TShowShow.app */;
			productType = "com.apple.product-type.application";
		};
		AA1ABC261CC8B20C00BA7B88 /* M_TShowShowTests */ = {
			isa = PBXNativeTarget;
			buildConfigurationList = AA1ABC3E1CC8B20C00BA7B88 /* Build configuration list for PBXNativeTarget "M_TShowShowTests" */;
			buildPhases = (
				AA1ABC231CC8B20C00BA7B88 /* Sources */,
				AA1ABC241CC8B20C00BA7B88 /* Frameworks */,
				AA1ABC251CC8B20C00BA7B88 /* Resources */,
			);
			buildRules = (
			);
			dependencies = (
				AA1ABC291CC8B20C00BA7B88 /* PBXTargetDependency */,
			);
			name = M_TShowShowTests;
			productName = M_TShowShowTests;
			productReference = AA1ABC271CC8B20C00BA7B88 /* M_TShowShowTests.xctest */;
			productType = "com.apple.product-type.bundle.unit-test";
		};
		AA1ABC311CC8B20C00BA7B88 /* M_TShowShowUITests */ = {
			isa = PBXNativeTarget;
			buildConfigurationList = AA1ABC411CC8B20C00BA7B88 /* Build configuration list for PBXNativeTarget "M_TShowShowUITests" */;
			buildPhases = (
				AA1ABC2E1CC8B20C00BA7B88 /* Sources */,
				AA1ABC2F1CC8B20C00BA7B88 /* Frameworks */,
				AA1ABC301CC8B20C00BA7B88 /* Resources */,
			);
			buildRules = (
			);
			dependencies = (
				AA1ABC341CC8B20C00BA7B88 /* PBXTargetDependency */,
			);
			name = M_TShowShowUITests;
			productName = M_TShowShowUITests;
			productReference = AA1ABC321CC8B20C00BA7B88 /* M_TShowShowUITests.xctest */;
			productType = "com.apple.product-type.bundle.ui-testing";
		};
/* End PBXNativeTarget section */

/* Begin PBXProject section */
		AA1ABC031CC8B20B00BA7B88 /* Project object */ = {
			isa = PBXProject;
			attributes = {
				LastUpgradeCheck = 0720;
				ORGANIZATIONNAME = JH;
				TargetAttributes = {
					AA1ABC0A1CC8B20B00BA7B88 = {
						CreatedOnToolsVersion = 7.2.1;
					};
					AA1ABC261CC8B20C00BA7B88 = {
						CreatedOnToolsVersion = 7.2.1;
						TestTargetID = AA1ABC0A1CC8B20B00BA7B88;
					};
					AA1ABC311CC8B20C00BA7B88 = {
						CreatedOnToolsVersion = 7.2.1;
						TestTargetID = AA1ABC0A1CC8B20B00BA7B88;
					};
				};
			};
			buildConfigurationList = AA1ABC061CC8B20B00BA7B88 /* Build configuration list for PBXProject "M_TShowShow" */;
			compatibilityVersion = "Xcode 3.2";
			developmentRegion = English;
			hasScannedForEncodings = 0;
			knownRegions = (
				en,
				Base,
			);
			mainGroup = AA1ABC021CC8B20B00BA7B88;
			productRefGroup = AA1ABC0C1CC8B20B00BA7B88 /* Products */;
			projectDirPath = "";
			projectRoot = "";
			targets = (
				AA1ABC0A1CC8B20B00BA7B88 /* M_TShowShow */,
				AA1ABC261CC8B20C00BA7B88 /* M_TShowShowTests */,
				AA1ABC311CC8B20C00BA7B88 /* M_TShowShowUITests */,
			);
		};
/* End PBXProject section */

/* Begin PBXResourcesBuildPhase section */
		AA1ABC091CC8B20B00BA7B88 /* Resources */ = {
			isa = PBXResourcesBuildPhase;
			buildActionMask = 2147483647;
			files = (
				AA1ABC211CC8B20C00BA7B88 /* LaunchScreen.storyboard in Resources */,
				AA1ABC1E1CC8B20C00BA7B88 /* Assets.xcassets in Resources */,
				AA1ABC191CC8B20B00BA7B88 /* Main.storyboard in Resources */,
			);
			runOnlyForDeploymentPostprocessing = 0;
		};
		AA1ABC251CC8B20C00BA7B88 /* Resources */ = {
			isa = PBXResourcesBuildPhase;
			buildActionMask = 2147483647;
			files = (
			);
			runOnlyForDeploymentPostprocessing = 0;
		};
		AA1ABC301CC8B20C00BA7B88 /* Resources */ = {
			isa = PBXResourcesBuildPhase;
			buildActionMask = 2147483647;
			files = (
			);
			runOnlyForDeploymentPostprocessing = 0;
		};
/* End PBXResourcesBuildPhase section */

/* Begin PBXSourcesBuildPhase section */
		AA1ABC071CC8B20B00BA7B88 /* Sources */ = {
			isa = PBXSourcesBuildPhase;
			buildActionMask = 2147483647;
			files = (
				AA1ABC161CC8B20B00BA7B88 /* ViewController.m in Sources */,
				AA1ABC131CC8B20B00BA7B88 /* AppDelegate.m in Sources */,
				AA1ABC1C1CC8B20C00BA7B88 /* M_TShowShow.xcdatamodeld in Sources */,
				AA1ABC101CC8B20B00BA7B88 /* main.m in Sources */,
			);
			runOnlyForDeploymentPostprocessing = 0;
		};
		AA1ABC231CC8B20C00BA7B88 /* Sources */ = {
			isa = PBXSourcesBuildPhase;
			buildActionMask = 2147483647;
			files = (
				AA1ABC2C1CC8B20C00BA7B88 /* M_TShowShowTests.m in Sources */,
			);
			runOnlyForDeploymentPostprocessing = 0;
		};
		AA1ABC2E1CC8B20C00BA7B88 /* Sources */ = {
			isa = PBXSourcesBuildPhase;
			buildActionMask = 2147483647;
			files = (
				AA1ABC371CC8B20C00BA7B88 /* M_TShowShowUITests.m in Sources */,
			);
			runOnlyForDeploymentPostprocessing = 0;
		};
/* End PBXSourcesBuildPhase section */

/* Begin PBXTargetDependency section */
		AA1ABC291CC8B20C00BA7B88 /* PBXTargetDependency */ = {
			isa = PBXTargetDependency;
			target = AA1ABC0A1CC8B20B00BA7B88 /* M_TShowShow */;
			targetProxy = AA1ABC281CC8B20C00BA7B88 /* PBXContainerItemProxy */;
		};
		AA1ABC341CC8B20C00BA7B88 /* PBXTargetDependency */ = {
			isa = PBXTargetDependency;
			target = AA1ABC0A1CC8B20B00BA7B88 /* M_TShowShow */;
			targetProxy = AA1ABC331CC8B20C00BA7B88 /* PBXContainerItemProxy */;
		};
/* End PBXTargetDependency section */

/* Begin PBXVariantGroup section */
		AA1ABC171CC8B20B00BA7B88 /* Main.storyboard */ = {
			isa = PBXVariantGroup;
			children = (
				AA1ABC181CC8B20B00BA7B88 /* Base */,
			);
			name = Main.storyboard;
			sourceTree = "<group>";
		};
		AA1ABC1F1CC8B20C00BA7B88 /* LaunchScreen.storyboard */ = {
			isa = PBXVariantGroup;
			children = (
				AA1ABC201CC8B20C00BA7B88 /* Base */,
			);
			name = LaunchScreen.storyboard;
			sourceTree = "<group>";
		};
/* End PBXVariantGroup section */

/* Begin XCBuildConfiguration section */
		AA1ABC391CC8B20C00BA7B88 /* Debug */ = {
			isa = XCBuildConfiguration;
			buildSettings = {
				ALWAYS_SEARCH_USER_PATHS = NO;
				CLANG_CXX_LANGUAGE_STANDARD = "gnu++0x";
				CLANG_CXX_LIBRARY = "libc++";
				CLANG_ENABLE_MODULES = YES;
				CLANG_ENABLE_OBJC_ARC = YES;
				CLANG_WARN_BOOL_CONVERSION = YES;
				CLANG_WARN_CONSTANT_CONVERSION = YES;
				CLANG_WARN_DIRECT_OBJC_ISA_USAGE = YES_ERROR;
				CLANG_WARN_EMPTY_BODY = YES;
				CLANG_WARN_ENUM_CONVERSION = YES;
				CLANG_WARN_INT_CONVERSION = YES;
				CLANG_WARN_OBJC_ROOT_CLASS = YES_ERROR;
				CLANG_WARN_UNREACHABLE_CODE = YES;
				CLANG_WARN__DUPLICATE_METHOD_MATCH = YES;
				"CODE_SIGN_IDENTITY[sdk=iphoneos*]" = "iPhone Developer";
				COPY_PHASE_STRIP = NO;
				DEBUG_INFORMATION_FORMAT = dwarf;
				ENABLE_STRICT_OBJC_MSGSEND = YES;
				ENABLE_TESTABILITY = YES;
				GCC_C_LANGUAGE_STANDARD = gnu99;
				GCC_DYNAMIC_NO_PIC = NO;
				GCC_NO_COMMON_BLOCKS = YES;
				GCC_OPTIMIZATION_LEVEL = 0;
				GCC_PREPROCESSOR_DEFINITIONS = (
					"DEBUG=1",
					"$(inherited)",
				);
				GCC_WARN_64_TO_32_BIT_CONVERSION = YES;
				GCC_WARN_ABOUT_RETURN_TYPE = YES_ERROR;
				GCC_WARN_UNDECLARED_SELECTOR = YES;
				GCC_WARN_UNINITIALIZED_AUTOS = YES_AGGRESSIVE;
				GCC_WARN_UNUSED_FUNCTION = YES;
				GCC_WARN_UNUSED_VARIABLE = YES;
				IPHONEOS_DEPLOYMENT_TARGET = 9.2;
				MTL_ENABLE_DEBUG_INFO = YES;
				ONLY_ACTIVE_ARCH = YES;
				SDKROOT = iphoneos;
			};
			name = Debug;
		};
		AA1ABC3A1CC8B20C00BA7B88 /* Release */ = {
			isa = XCBuildConfiguration;
			buildSettings = {
				ALWAYS_SEARCH_USER_PATHS = NO;
				CLANG_CXX_LANGUAGE_STANDARD = "gnu++0x";
				CLANG_CXX_LIBRARY = "libc++";
				CLANG_ENABLE_MODULES = YES;
				CLANG_ENABLE_OBJC_ARC = YES;
				CLANG_WARN_BOOL_CONVERSION = YES;
				CLANG_WARN_CONSTANT_CONVERSION = YES;
				CLANG_WARN_DIRECT_OBJC_ISA_USAGE = YES_ERROR;
				CLANG_WARN_EMPTY_BODY = YES;
				CLANG_WARN_ENUM_CONVERSION = YES;
				CLANG_WARN_INT_CONVERSION = YES;
				CLANG_WARN_OBJC_ROOT_CLASS = YES_ERROR;
				CLANG_WARN_UNREACHABLE_CODE = YES;
				CLANG_WARN__DUPLICATE_METHOD_MATCH = YES;
				"CODE_SIGN_IDENTITY[sdk=iphoneos*]" = "iPhone Developer";
				COPY_PHASE_STRIP = NO;
				DEBUG_INFORMATION_FORMAT = "dwarf-with-dsym";
				ENABLE_NS_ASSERTIONS = NO;
				ENABLE_STRICT_OBJC_MSGSEND = YES;
				GCC_C_LANGUAGE_STANDARD = gnu99;
				GCC_NO_COMMON_BLOCKS = YES;
				GCC_WARN_64_TO_32_BIT_CONVERSION = YES;
				GCC_WARN_ABOUT_RETURN_TYPE = YES_ERROR;
				GCC_WARN_UNDECLARED_SELECTOR = YES;
				GCC_WARN_UNINITIALIZED_AUTOS = YES_AGGRESSIVE;
				GCC_WARN_UNUSED_FUNCTION = YES;
				GCC_WARN_UNUSED_VARIABLE = YES;
				IPHONEOS_DEPLOYMENT_TARGET = 9.2;
				MTL_ENABLE_DEBUG_INFO = NO;
				SDKROOT = iphoneos;
				VALIDATE_PRODUCT = YES;
			};
			name = Release;
		};
		AA1ABC3C1CC8B20C00BA7B88 /* Debug */ = {
			isa = XCBuildConfiguration;
			buildSettings = {
				ASSETCATALOG_COMPILER_APPICON_NAME = AppIcon;
				INFOPLIST_FILE = M_TShowShow/Info.plist;
				LD_RUNPATH_SEARCH_PATHS = "$(inherited) @executable_path/Frameworks";
				PRODUCT_BUNDLE_IDENTIFIER = "JH.M-TShowShow";
				PRODUCT_NAME = "$(TARGET_NAME)";
			};
			name = Debug;
		};
		AA1ABC3D1CC8B20C00BA7B88 /* Release */ = {
			isa = XCBuildConfiguration;
			buildSettings = {
				ASSETCATALOG_COMPILER_APPICON_NAME = AppIcon;
				INFOPLIST_FILE = M_TShowShow/Info.plist;
				LD_RUNPATH_SEARCH_PATHS = "$(inherited) @executable_path/Frameworks";
				PRODUCT_BUNDLE_IDENTIFIER = "JH.M-TShowShow";
				PRODUCT_NAME = "$(TARGET_NAME)";
			};
			name = Release;
		};
		AA1ABC3F1CC8B20C00BA7B88 /* Debug */ = {
			isa = XCBuildConfiguration;
			buildSettings = {
				BUNDLE_LOADER = "$(TEST_HOST)";
				INFOPLIST_FILE = M_TShowShowTests/Info.plist;
				LD_RUNPATH_SEARCH_PATHS = "$(inherited) @executable_path/Frameworks @loader_path/Frameworks";
				PRODUCT_BUNDLE_IDENTIFIER = "JH.M-TShowShowTests";
				PRODUCT_NAME = "$(TARGET_NAME)";
				TEST_HOST = "$(BUILT_PRODUCTS_DIR)/M_TShowShow.app/M_TShowShow";
			};
			name = Debug;
		};
		AA1ABC401CC8B20C00BA7B88 /* Release */ = {
			isa = XCBuildConfiguration;
			buildSettings = {
				BUNDLE_LOADER = "$(TEST_HOST)";
				INFOPLIST_FILE = M_TShowShowTests/Info.plist;
				LD_RUNPATH_SEARCH_PATHS = "$(inherited) @executable_path/Frameworks @loader_path/Frameworks";
				PRODUCT_BUNDLE_IDENTIFIER = "JH.M-TShowShowTests";
				PRODUCT_NAME = "$(TARGET_NAME)";
				TEST_HOST = "$(BUILT_PRODUCTS_DIR)/M_TShowShow.app/M_TShowShow";
			};
			name = Release;
		};
		AA1ABC421CC8B20C00BA7B88 /* Debug */ = {
			isa = XCBuildConfiguration;
			buildSettings = {
				INFOPLIST_FILE = M_TShowShowUITests/Info.plist;
				LD_RUNPATH_SEARCH_PATHS = "$(inherited) @executable_path/Frameworks @loader_path/Frameworks";
				PRODUCT_BUNDLE_IDENTIFIER = "JH.M-TShowShowUITests";
				PRODUCT_NAME = "$(TARGET_NAME)";
				TEST_TARGET_NAME = M_TShowShow;
				USES_XCTRUNNER = YES;
			};
			name = Debug;
		};
		AA1ABC431CC8B20C00BA7B88 /* Release */ = {
			isa = XCBuildConfiguration;
			buildSettings = {
				INFOPLIST_FILE = M_TShowShowUITests/Info.plist;
				LD_RUNPATH_SEARCH_PATHS = "$(inherited) @executable_path/Frameworks @loader_path/Frameworks";
				PRODUCT_BUNDLE_IDENTIFIER = "JH.M-TShowShowUITests";
				PRODUCT_NAME = "$(TARGET_NAME)";
				TEST_TARGET_NAME = M_TShowShow;
				USES_XCTRUNNER = YES;
			};
			name = Release;
		};
/* End XCBuildConfiguration section */

/* Begin XCConfigurationList section */
		AA1ABC061CC8B20B00BA7B88 /* Build configuration list for PBXProject "M_TShowShow" */ = {
			isa = XCConfigurationList;
			buildConfigurations = (
				AA1ABC391CC8B20C00BA7B88 /* Debug */,
				AA1ABC3A1CC8B20C00BA7B88 /* Release */,
			);
			defaultConfigurationIsVisible = 0;
			defaultConfigurationName = Release;
		};
		AA1ABC3B1CC8B20C00BA7B88 /* Build configuration list for PBXNativeTarget "M_TShowShow" */ = {
			isa = XCConfigurationList;
			buildConfigurations = (
				AA1ABC3C1CC8B20C00BA7B88 /* Debug */,
				AA1ABC3D1CC8B20C00BA7B88 /* Release */,
			);
			defaultConfigurationIsVisible = 0;
		};
		AA1ABC3E1CC8B20C00BA7B88 /* Build configuration list for PBXNativeTarget "M_TShowShowTests" */ = {
			isa = XCConfigurationList;
			buildConfigurations = (
				AA1ABC3F1CC8B20C00BA7B88 /* Debug */,
				AA1ABC401CC8B20C00BA7B88 /* Release */,
			);
			defaultConfigurationIsVisible = 0;
		};
		AA1ABC411CC8B20C00BA7B88 /* Build configuration list for PBXNativeTarget "M_TShowShowUITests" */ = {
			isa = XCConfigurationList;
			buildConfigurations = (
				AA1ABC421CC8B20C00BA7B88 /* Debug */,
				AA1ABC431CC8B20C00BA7B88 /* Release */,
			);
			defaultConfigurationIsVisible = 0;
		};
/* End XCConfigurationList section */

/* Begin XCVersionGroup section */
		AA1ABC1A1CC8B20C00BA7B88 /* M_TShowShow.xcdatamodeld */ = {
			isa = XCVersionGroup;
			children = (
				AA1ABC1B1CC8B20C00BA7B88 /* M_TShowShow.xcdatamodel */,
			);
			currentVersion = AA1ABC1B1CC8B20C00BA7B88 /* M_TShowShow.xcdatamodel */;
			path = M_TShowShow.xcdatamodeld;
			sourceTree = "<group>";
			versionGroupType = wrapper.xcdatamodel;
		};
/* End XCVersionGroup section */
	};
	rootObject = AA1ABC031CC8B20B00BA7B88 /* Project object */;
}
